
Microsoft Visual Studio Solution File, Format Version 12.00
# Visual Studio Version 17
VisualStudioVersion = 17.2.32616.157
MinimumVisualStudioVersion = 10.0.40219.1
Project("{9A19103F-16F7-4668-BE54-9A1E7A4F7556}") = "Core_Project", "Core_Project\Core_Project.csproj", "{C9A3795B-DDB0-42B5-A1EC-877C50C6BB99}"
EndProject
Project("{9A19103F-16F7-4668-BE54-9A1E7A4F7556}") = "BusinessLayer", "BusinessLayer\BusinessLayer.csproj", "{BBD69D46-E0A9-46D6-B2C5-083EAA1B1BF2}"
EndProject
Project("{FAE04EC0-301F-11D3-BF4B-00C04F79EFBC}") = "DataAccessLayer", "DataAccessLayer\DataAccessLayer.csproj", "{A853DB55-AB71-4F11-BD91-309864F673AC}"
EndProject
Project("{FAE04EC0-301F-11D3-BF4B-00C04F79EFBC}") = "EntityLayer", "EntityLayer\EntityLayer.csproj", "{C5CEBB57-936F-417F-A0E4-E157CF623E61}"
EndProject
Global
	GlobalSection(SolutionConfigurationPlatforms) = preSolution
		Debug|Any CPU = Debug|Any CPU
		Release|Any CPU = Release|Any CPU
	EndGlobalSection
	GlobalSection(ProjectConfigurationPlatforms) = postSolution
		{C9A3795B-DDB0-42B5-A1EC-877C50C6BB99}.Debug|Any CPU.ActiveCfg = Debug|Any CPU
		{C9A3795B-DDB0-42B5-A1EC-877C50C6BB99}.Debug|Any CPU.Build.0 = Debug|Any CPU
		{C9A3795B-DDB0-42B5-A1EC-877C50C6BB99}.Release|Any CPU.ActiveCfg = Release|Any CPU
		{C9A3795B-DDB0-42B5-A1EC-877C50C6BB99}.Release|Any CPU.Build.0 = Release|Any CPU
		{BBD69D46-E0A9-46D6-B2C5-083EAA1B1BF2}.Debug|Any CPU.ActiveCfg = Debug|Any CPU
		{BBD69D46-E0A9-46D6-B2C5-083EAA1B1BF2}.Debug|Any CPU.Build.0 = Debug|Any CPU
		{BBD69D46-E0A9-46D6-B2C5-083EAA1B1BF2}.Release|Any CPU.ActiveCfg = Release|Any CPU
		{BBD69D46-E0A9-46D6-B2C5-083EAA1B1BF2}.Release|Any CPU.Build.0 = Release|Any CPU
		{A853DB55-AB71-4F11-BD91-309864F673AC}.Debug|Any CPU.ActiveCfg = Debug|Any CPU
		{A853DB55-AB71-4F11-BD91-309864F673AC}.Debug|Any CPU.Build.0 = Debug|Any CPU
		{A853DB55-AB71-4F11-BD91-309864F673AC}.Release|Any CPU.ActiveCfg = Release|Any CPU
		{A853DB55-AB71-4F11-BD91-309864F673AC}.Release|Any CPU.Build.0 = Release|Any CPU
		{C5CEBB57-936F-417F-A0E4-E157CF623E61}.Debug|Any CPU.ActiveCfg = Debug|Any CPU
		{C5CEBB57-936F-417F-A0E4-E157CF623E61}.Debug|Any CPU.Build.0 = Debug|Any CPU
		{C5CEBB57-936F-417F-A0E4-E157CF623E61}.Release|Any CPU.ActiveCfg = Release|Any CPU
		{C5CEBB57-936F-417F-A0E4-E157CF623E61}.Release|Any CPU.Build.0 = Release|Any CPU
	EndGlobalSection
	GlobalSection(SolutionProperties) = preSolution
		HideSolutionNode = FALSE
	EndGlobalSection
	GlobalSection(ExtensibilityGlobals) = postSolution
		SolutionGuid = {254E0F60-DC04-4BB3-A552-9458EB5F5FF9}
	EndGlobalSection
EndGlobal
